
Microsoft Visual Studio Solution File, Format Version 12.00
# Visual Studio Version 17
VisualStudioVersion = 17.13.35931.197 d17.13
MinimumVisualStudioVersion = 10.0.40219.1
Project("{FAE04EC0-301F-11D3-BF4B-00C04F79EFBC}") = "DigitTwin.Application", "DigitTwin.Application\DigitTwin.Application.csproj", "{D0677470-B981-4BFA-A307-00971F20677A}"
EndProject
Project("{2150E333-8FDC-42A3-9474-1A3956D46DE8}") = "Элементы решения", "Элементы решения", "{754FC069-D67B-A9D7-50A1-8D1CA196D8F1}"
	ProjectSection(SolutionItems) = preProject
		CHANGELOG.md = CHANGELOG.md
		README.md = README.md
	EndProjectSection
EndProject
Project("{2150E333-8FDC-42A3-9474-1A3956D46DE8}") = "Core", "Core", "{36D591C7-65C7-A0D1-1CBC-10CDE441BDC8}"
EndProject
Project("{2150E333-8FDC-42A3-9474-1A3956D46DE8}") = "Lib", "Lib", "{8F23A8DC-6C70-480D-9579-5B1CC93DF8FF}"
EndProject
Project("{FAE04EC0-301F-11D3-BF4B-00C04F79EFBC}") = "DigitTwin.Lib.Abstractions", "Lib\DigitTwin.Lib.Abstractions\DigitTwin.Lib.Abstractions.csproj", "{DB052480-B420-4095-860B-CB07B8CED880}"
EndProject
Project("{2150E333-8FDC-42A3-9474-1A3956D46DE8}") = "Users", "Users", "{8F0BF27F-FE9A-447D-AFAB-F89DBB547FAF}"
EndProject
Project("{FAE04EC0-301F-11D3-BF4B-00C04F79EFBC}") = "DigitTwin.Core.Users.Abstractions", "Core\Users\DigitTwin.Core.Users.Abstractions\DigitTwin.Core.Users.Abstractions.csproj", "{98A8237D-58E7-48C5-9863-8D74AA2FD221}"
EndProject
Global
	GlobalSection(SolutionConfigurationPlatforms) = preSolution
		Debug|Any CPU = Debug|Any CPU
		Release|Any CPU = Release|Any CPU
	EndGlobalSection
	GlobalSection(ProjectConfigurationPlatforms) = postSolution
		{D0677470-B981-4BFA-A307-00971F20677A}.Debug|Any CPU.ActiveCfg = Debug|Any CPU
		{D0677470-B981-4BFA-A307-00971F20677A}.Debug|Any CPU.Build.0 = Debug|Any CPU
		{D0677470-B981-4BFA-A307-00971F20677A}.Release|Any CPU.ActiveCfg = Release|Any CPU
		{D0677470-B981-4BFA-A307-00971F20677A}.Release|Any CPU.Build.0 = Release|Any CPU
		{DB052480-B420-4095-860B-CB07B8CED880}.Debug|Any CPU.ActiveCfg = Debug|Any CPU
		{DB052480-B420-4095-860B-CB07B8CED880}.Debug|Any CPU.Build.0 = Debug|Any CPU
		{DB052480-B420-4095-860B-CB07B8CED880}.Release|Any CPU.ActiveCfg = Release|Any CPU
		{DB052480-B420-4095-860B-CB07B8CED880}.Release|Any CPU.Build.0 = Release|Any CPU
		{98A8237D-58E7-48C5-9863-8D74AA2FD221}.Debug|Any CPU.ActiveCfg = Debug|Any CPU
		{98A8237D-58E7-48C5-9863-8D74AA2FD221}.Debug|Any CPU.Build.0 = Debug|Any CPU
		{98A8237D-58E7-48C5-9863-8D74AA2FD221}.Release|Any CPU.ActiveCfg = Release|Any CPU
		{98A8237D-58E7-48C5-9863-8D74AA2FD221}.Release|Any CPU.Build.0 = Release|Any CPU
	EndGlobalSection
	GlobalSection(SolutionProperties) = preSolution
		HideSolutionNode = FALSE
	EndGlobalSection
	GlobalSection(NestedProjects) = preSolution
		{DB052480-B420-4095-860B-CB07B8CED880} = {8F23A8DC-6C70-480D-9579-5B1CC93DF8FF}
		{8F0BF27F-FE9A-447D-AFAB-F89DBB547FAF} = {36D591C7-65C7-A0D1-1CBC-10CDE441BDC8}
		{98A8237D-58E7-48C5-9863-8D74AA2FD221} = {8F0BF27F-FE9A-447D-AFAB-F89DBB547FAF}
	EndGlobalSection
	GlobalSection(ExtensibilityGlobals) = postSolution
		SolutionGuid = {97F4C5FD-EE42-4749-9BAD-73B506AE8C64}
	EndGlobalSection
EndGlobal
