
Microsoft Visual Studio Solution File, Format Version 12.00
# Visual Studio Version 17
VisualStudioVersion = 17.13.35931.197
MinimumVisualStudioVersion = 10.0.40219.1
Project("{FAE04EC0-301F-11D3-BF4B-00C04F79EFBC}") = "DigitTwin.Application", "DigitTwin.Application\DigitTwin.Application.csproj", "{D0677470-B981-4BFA-A307-00971F20677A}"
EndProject
Project("{2150E333-8FDC-42A3-9474-1A3956D46DE8}") = "Элементы решения", "Элементы решения", "{754FC069-D67B-A9D7-50A1-8D1CA196D8F1}"
	ProjectSection(SolutionItems) = preProject
		CHANGELOG.md = CHANGELOG.md
		README.md = README.md
	EndProjectSection
EndProject
Project("{2150E333-8FDC-42A3-9474-1A3956D46DE8}") = "Core", "Core", "{36D591C7-65C7-A0D1-1CBC-10CDE441BDC8}"
EndProject
Project("{2150E333-8FDC-42A3-9474-1A3956D46DE8}") = "Lib", "Lib", "{8F23A8DC-6C70-480D-9579-5B1CC93DF8FF}"
EndProject
Project("{FAE04EC0-301F-11D3-BF4B-00C04F79EFBC}") = "DigitTwin.Lib.Abstractions", "Lib\DigitTwin.Lib.Abstractions\DigitTwin.Lib.Abstractions.csproj", "{DB052480-B420-4095-860B-CB07B8CED880}"
EndProject
Project("{FAE04EC0-301F-11D3-BF4B-00C04F79EFBC}") = "DigitTwin.Lib.Misc", "Lib\DigitTwin.Lib.Misc\DigitTwin.Lib.Misc.csproj", "{334E7703-9EF6-4444-80BA-A14E1145D167}"
EndProject
Project("{FAE04EC0-301F-11D3-BF4B-00C04F79EFBC}") = "DigitTwin.Lib.Contracts", "..\DigitTwin.Lib\DigitTwin.Lib.Contracts\DigitTwin.Lib.Contracts.csproj", "{7ECC00CF-39B4-4481-EF74-55CC4837ABCE}"
EndProject
Project("{FAE04EC0-301F-11D3-BF4B-00C04F79EFBC}") = "DigitTwin.Lib.Geo.Abstractions", "..\DigitTwin.Lib\DigitTwin.Lib.Geo.Abstractions\DigitTwin.Lib.Geo.Abstractions.csproj", "{2ABB6FE0-878B-9C07-A4BC-A57AA9F7BB0D}"
EndProject
Project("{2150E333-8FDC-42A3-9474-1A3956D46DE8}") = "Infrastructure", "Infrastructure", "{3EF1CA87-614B-4A15-B3B7-41E745CC1A41}"
EndProject
Project("{2150E333-8FDC-42A3-9474-1A3956D46DE8}") = "localDev", "localDev", "{E41F1531-18C8-4122-B7BE-8A0FD92CEFC9}"
	ProjectSection(SolutionItems) = preProject
		pipelines\localDev\compose.yaml = pipelines\localDev\compose.yaml
	EndProjectSection
EndProject
Project("{2150E333-8FDC-42A3-9474-1A3956D46DE8}") = "testDev", "testDev", "{214D6DFC-E9E7-46A4-85EA-C50B40C65E71}"
EndProject
Project("{2150E333-8FDC-42A3-9474-1A3956D46DE8}") = "env", "env", "{EB234536-8CC1-4ECA-A4D7-8DEEAD7D4BFA}"
EndProject
Project("{2150E333-8FDC-42A3-9474-1A3956D46DE8}") = "env", "env", "{99B844B0-CA69-40AE-BE4E-D6A42CEF41BD}"
	ProjectSection(SolutionItems) = preProject
		pipelines\localDev\env\ClickHouse.env = pipelines\localDev\env\ClickHouse.env
		pipelines\localDev\env\DigitTwinGateway.env = pipelines\localDev\env\DigitTwinGateway.env
		pipelines\localDev\env\Kafka.env = pipelines\localDev\env\Kafka.env
		pipelines\localDev\env\PostgreSQL.env = pipelines\localDev\env\PostgreSQL.env
		pipelines\localDev\env\Redis.env = pipelines\localDev\env\Redis.env
		pipelines\localDev\env\Seq.env = pipelines\localDev\env\Seq.env
	EndProjectSection
EndProject
Project("{FAE04EC0-301F-11D3-BF4B-00C04F79EFBC}") = "DigitTwin.Lib.Validator", "..\DigitTwin.Lib\DigitTwin.Lib.Validator\DigitTwin.Lib.Validator.csproj", "{320015A0-1AA2-FC36-1C79-040840E90E65}"
EndProject
Project("{FAE04EC0-301F-11D3-BF4B-00C04F79EFBC}") = "DigitTwin.Infrastructure.LoggerSeq", "Infrastructure\DigitTwin.Infrastructure.LoggerSeq\DigitTwin.Infrastructure.LoggerSeq.csproj", "{778F406F-9630-42F3-A63F-3E225FC6FADE}"
EndProject
Project("{FAE04EC0-301F-11D3-BF4B-00C04F79EFBC}") = "DigitTwin.Lib.EventBroker", "..\DigitTwin.Lib\DigitTwin.Lib.EventBroker\DigitTwin.Lib.EventBroker.csproj", "{AE495C39-D3BA-1BF8-4F1A-AC310520BE42}"
EndProject
Project("{FAE04EC0-301F-11D3-BF4B-00C04F79EFBC}") = "DigitTwin.Infrastructure.WebSocket", "Infrastructure\DigitTwin.Infrastructure.WebSocket\DigitTwin.Infrastructure.WebSocket.csproj", "{C3AAC9B8-E465-4B50-9B42-D4347FEE133F}"
EndProject
Project("{FAE04EC0-301F-11D3-BF4B-00C04F79EFBC}") = "DigitTwin.Infrastructure.DataContext", "Infrastructure\DigitTwin.Infrastructure.DataContext\DigitTwin.Infrastructure.DataContext.csproj", "{F33F6920-F37D-402D-A522-D0A2D959B995}"
EndProject
Project("{2150E333-8FDC-42A3-9474-1A3956D46DE8}") = "Users", "Users", "{DCDBBE44-1D62-40FA-9816-3468CAD72AF9}"
EndProject
Project("{FAE04EC0-301F-11D3-BF4B-00C04F79EFBC}") = "DigitTwin.Core.Users.Abstractions", "Core\Users\DigitTwin.Core.Users.Abstractions\DigitTwin.Core.Users.Abstractions.csproj", "{4B1088DB-C294-49DF-A455-FD397E2F5677}"
EndProject
Project("{FAE04EC0-301F-11D3-BF4B-00C04F79EFBC}") = "DigitTwin.Core.Users.Logic", "Core\Users\DigitTwin.Core.Users.Logic\DigitTwin.Core.Users.Logic.csproj", "{7851E526-11C8-4F9F-99DA-F645DD4A8D74}"
EndProject
Project("{FAE04EC0-301F-11D3-BF4B-00C04F79EFBC}") = "DigitTwin.Core.Users.Api", "Core\Users\DigitTwin.Core.Users.Api\DigitTwin.Core.Users.Api.csproj", "{083DC20E-3468-42A3-97E8-F155B989DA85}"
EndProject
Project("{FAE04EC0-301F-11D3-BF4B-00C04F79EFBC}") = "DigitTwin.Lib.PipelineBuilder", "..\DigitTwin.Lib\DigitTwin.Lib.PipelineBuilder\DigitTwin.Lib.PipelineBuilder.csproj", "{9EF21C8D-3319-3C4C-5A26-8687633698D3}"
EndProject
Global
	GlobalSection(SolutionConfigurationPlatforms) = preSolution
		Debug|Any CPU = Debug|Any CPU
		Release|Any CPU = Release|Any CPU
	EndGlobalSection
	GlobalSection(ProjectConfigurationPlatforms) = postSolution
		{D0677470-B981-4BFA-A307-00971F20677A}.Debug|Any CPU.ActiveCfg = Debug|Any CPU
		{D0677470-B981-4BFA-A307-00971F20677A}.Debug|Any CPU.Build.0 = Debug|Any CPU
		{D0677470-B981-4BFA-A307-00971F20677A}.Release|Any CPU.ActiveCfg = Release|Any CPU
		{D0677470-B981-4BFA-A307-00971F20677A}.Release|Any CPU.Build.0 = Release|Any CPU
		{DB052480-B420-4095-860B-CB07B8CED880}.Debug|Any CPU.ActiveCfg = Debug|Any CPU
		{DB052480-B420-4095-860B-CB07B8CED880}.Debug|Any CPU.Build.0 = Debug|Any CPU
		{DB052480-B420-4095-860B-CB07B8CED880}.Release|Any CPU.ActiveCfg = Release|Any CPU
		{DB052480-B420-4095-860B-CB07B8CED880}.Release|Any CPU.Build.0 = Release|Any CPU
		{334E7703-9EF6-4444-80BA-A14E1145D167}.Debug|Any CPU.ActiveCfg = Debug|Any CPU
		{334E7703-9EF6-4444-80BA-A14E1145D167}.Debug|Any CPU.Build.0 = Debug|Any CPU
		{334E7703-9EF6-4444-80BA-A14E1145D167}.Release|Any CPU.ActiveCfg = Release|Any CPU
		{334E7703-9EF6-4444-80BA-A14E1145D167}.Release|Any CPU.Build.0 = Release|Any CPU
		{7ECC00CF-39B4-4481-EF74-55CC4837ABCE}.Debug|Any CPU.ActiveCfg = Debug|Any CPU
		{7ECC00CF-39B4-4481-EF74-55CC4837ABCE}.Debug|Any CPU.Build.0 = Debug|Any CPU
		{7ECC00CF-39B4-4481-EF74-55CC4837ABCE}.Release|Any CPU.ActiveCfg = Release|Any CPU
		{7ECC00CF-39B4-4481-EF74-55CC4837ABCE}.Release|Any CPU.Build.0 = Release|Any CPU
		{2ABB6FE0-878B-9C07-A4BC-A57AA9F7BB0D}.Debug|Any CPU.ActiveCfg = Debug|Any CPU
		{2ABB6FE0-878B-9C07-A4BC-A57AA9F7BB0D}.Debug|Any CPU.Build.0 = Debug|Any CPU
		{2ABB6FE0-878B-9C07-A4BC-A57AA9F7BB0D}.Release|Any CPU.ActiveCfg = Release|Any CPU
		{2ABB6FE0-878B-9C07-A4BC-A57AA9F7BB0D}.Release|Any CPU.Build.0 = Release|Any CPU
		{320015A0-1AA2-FC36-1C79-040840E90E65}.Debug|Any CPU.ActiveCfg = Debug|Any CPU
		{320015A0-1AA2-FC36-1C79-040840E90E65}.Debug|Any CPU.Build.0 = Debug|Any CPU
		{320015A0-1AA2-FC36-1C79-040840E90E65}.Release|Any CPU.ActiveCfg = Release|Any CPU
		{320015A0-1AA2-FC36-1C79-040840E90E65}.Release|Any CPU.Build.0 = Release|Any CPU
		{778F406F-9630-42F3-A63F-3E225FC6FADE}.Debug|Any CPU.ActiveCfg = Debug|Any CPU
		{778F406F-9630-42F3-A63F-3E225FC6FADE}.Debug|Any CPU.Build.0 = Debug|Any CPU
		{778F406F-9630-42F3-A63F-3E225FC6FADE}.Release|Any CPU.ActiveCfg = Release|Any CPU
		{778F406F-9630-42F3-A63F-3E225FC6FADE}.Release|Any CPU.Build.0 = Release|Any CPU
		{AE495C39-D3BA-1BF8-4F1A-AC310520BE42}.Debug|Any CPU.ActiveCfg = Debug|Any CPU
		{AE495C39-D3BA-1BF8-4F1A-AC310520BE42}.Debug|Any CPU.Build.0 = Debug|Any CPU
		{AE495C39-D3BA-1BF8-4F1A-AC310520BE42}.Release|Any CPU.ActiveCfg = Release|Any CPU
		{AE495C39-D3BA-1BF8-4F1A-AC310520BE42}.Release|Any CPU.Build.0 = Release|Any CPU
		{C3AAC9B8-E465-4B50-9B42-D4347FEE133F}.Debug|Any CPU.ActiveCfg = Debug|Any CPU
		{C3AAC9B8-E465-4B50-9B42-D4347FEE133F}.Debug|Any CPU.Build.0 = Debug|Any CPU
		{C3AAC9B8-E465-4B50-9B42-D4347FEE133F}.Release|Any CPU.ActiveCfg = Release|Any CPU
		{C3AAC9B8-E465-4B50-9B42-D4347FEE133F}.Release|Any CPU.Build.0 = Release|Any CPU
		{F33F6920-F37D-402D-A522-D0A2D959B995}.Debug|Any CPU.ActiveCfg = Debug|Any CPU
		{F33F6920-F37D-402D-A522-D0A2D959B995}.Debug|Any CPU.Build.0 = Debug|Any CPU
		{F33F6920-F37D-402D-A522-D0A2D959B995}.Release|Any CPU.ActiveCfg = Release|Any CPU
		{F33F6920-F37D-402D-A522-D0A2D959B995}.Release|Any CPU.Build.0 = Release|Any CPU
		{4B1088DB-C294-49DF-A455-FD397E2F5677}.Debug|Any CPU.ActiveCfg = Debug|Any CPU
		{4B1088DB-C294-49DF-A455-FD397E2F5677}.Debug|Any CPU.Build.0 = Debug|Any CPU
		{4B1088DB-C294-49DF-A455-FD397E2F5677}.Release|Any CPU.ActiveCfg = Release|Any CPU
		{4B1088DB-C294-49DF-A455-FD397E2F5677}.Release|Any CPU.Build.0 = Release|Any CPU
		{7851E526-11C8-4F9F-99DA-F645DD4A8D74}.Debug|Any CPU.ActiveCfg = Debug|Any CPU
		{7851E526-11C8-4F9F-99DA-F645DD4A8D74}.Debug|Any CPU.Build.0 = Debug|Any CPU
		{7851E526-11C8-4F9F-99DA-F645DD4A8D74}.Release|Any CPU.ActiveCfg = Release|Any CPU
		{7851E526-11C8-4F9F-99DA-F645DD4A8D74}.Release|Any CPU.Build.0 = Release|Any CPU
		{083DC20E-3468-42A3-97E8-F155B989DA85}.Debug|Any CPU.ActiveCfg = Debug|Any CPU
		{083DC20E-3468-42A3-97E8-F155B989DA85}.Debug|Any CPU.Build.0 = Debug|Any CPU
		{083DC20E-3468-42A3-97E8-F155B989DA85}.Release|Any CPU.ActiveCfg = Release|Any CPU
		{083DC20E-3468-42A3-97E8-F155B989DA85}.Release|Any CPU.Build.0 = Release|Any CPU
		{9EF21C8D-3319-3C4C-5A26-8687633698D3}.Debug|Any CPU.ActiveCfg = Debug|Any CPU
		{9EF21C8D-3319-3C4C-5A26-8687633698D3}.Debug|Any CPU.Build.0 = Debug|Any CPU
		{9EF21C8D-3319-3C4C-5A26-8687633698D3}.Release|Any CPU.ActiveCfg = Release|Any CPU
		{9EF21C8D-3319-3C4C-5A26-8687633698D3}.Release|Any CPU.Build.0 = Release|Any CPU
	EndGlobalSection
	GlobalSection(SolutionProperties) = preSolution
		HideSolutionNode = FALSE
	EndGlobalSection
	GlobalSection(NestedProjects) = preSolution
		{DB052480-B420-4095-860B-CB07B8CED880} = {8F23A8DC-6C70-480D-9579-5B1CC93DF8FF}
		{334E7703-9EF6-4444-80BA-A14E1145D167} = {8F23A8DC-6C70-480D-9579-5B1CC93DF8FF}
		{7ECC00CF-39B4-4481-EF74-55CC4837ABCE} = {8F23A8DC-6C70-480D-9579-5B1CC93DF8FF}
		{2ABB6FE0-878B-9C07-A4BC-A57AA9F7BB0D} = {8F23A8DC-6C70-480D-9579-5B1CC93DF8FF}
		{E41F1531-18C8-4122-B7BE-8A0FD92CEFC9} = {754FC069-D67B-A9D7-50A1-8D1CA196D8F1}
		{214D6DFC-E9E7-46A4-85EA-C50B40C65E71} = {754FC069-D67B-A9D7-50A1-8D1CA196D8F1}
		{EB234536-8CC1-4ECA-A4D7-8DEEAD7D4BFA} = {214D6DFC-E9E7-46A4-85EA-C50B40C65E71}
		{99B844B0-CA69-40AE-BE4E-D6A42CEF41BD} = {E41F1531-18C8-4122-B7BE-8A0FD92CEFC9}
		{320015A0-1AA2-FC36-1C79-040840E90E65} = {8F23A8DC-6C70-480D-9579-5B1CC93DF8FF}
		{778F406F-9630-42F3-A63F-3E225FC6FADE} = {3EF1CA87-614B-4A15-B3B7-41E745CC1A41}
		{AE495C39-D3BA-1BF8-4F1A-AC310520BE42} = {8F23A8DC-6C70-480D-9579-5B1CC93DF8FF}
		{C3AAC9B8-E465-4B50-9B42-D4347FEE133F} = {3EF1CA87-614B-4A15-B3B7-41E745CC1A41}
		{F33F6920-F37D-402D-A522-D0A2D959B995} = {3EF1CA87-614B-4A15-B3B7-41E745CC1A41}
		{DCDBBE44-1D62-40FA-9816-3468CAD72AF9} = {36D591C7-65C7-A0D1-1CBC-10CDE441BDC8}
		{4B1088DB-C294-49DF-A455-FD397E2F5677} = {DCDBBE44-1D62-40FA-9816-3468CAD72AF9}
		{7851E526-11C8-4F9F-99DA-F645DD4A8D74} = {DCDBBE44-1D62-40FA-9816-3468CAD72AF9}
		{083DC20E-3468-42A3-97E8-F155B989DA85} = {DCDBBE44-1D62-40FA-9816-3468CAD72AF9}
		{9EF21C8D-3319-3C4C-5A26-8687633698D3} = {8F23A8DC-6C70-480D-9579-5B1CC93DF8FF}
	EndGlobalSection
	GlobalSection(ExtensibilityGlobals) = postSolution
		SolutionGuid = {97F4C5FD-EE42-4749-9BAD-73B506AE8C64}
	EndGlobalSection
EndGlobal
